
Microsoft Visual Studio Solution File, Format Version 12.00
# Visual Studio Version 17
VisualStudioVersion = 17.10.35122.118
MinimumVisualStudioVersion = 10.0.40219.1
Project("{9A19103F-16F7-4668-BE54-9A1E7A4F7556}") = "API", "API\API.csproj", "{F19EFB33-7643-441C-9EF4-308B266A0F9A}"
EndProject
Project("{9A19103F-16F7-4668-BE54-9A1E7A4F7556}") = "Application", "Application\Application.csproj", "{24F8E8FD-F59F-4D5F-8B79-B6640C96F960}"
EndProject
Project("{9A19103F-16F7-4668-BE54-9A1E7A4F7556}") = "Domain", "Domain\Domain.csproj", "{517C7FBD-9938-450C-8E9E-48047040600F}"
EndProject
Project("{9A19103F-16F7-4668-BE54-9A1E7A4F7556}") = "Infrastructure", "Infrastructure\Infrastructure.csproj", "{26C8D234-1495-4B30-8852-B535FF4B5481}"
EndProject
Project("{FAE04EC0-301F-11D3-BF4B-00C04F79EFBC}") = "Contracts", "Contracts\Contracts.csproj", "{62361239-C4ED-4F49-A0B5-3FFBFBD4D71D}"
EndProject
Global
	GlobalSection(SolutionConfigurationPlatforms) = preSolution
		Debug|Any CPU = Debug|Any CPU
		Release|Any CPU = Release|Any CPU
	EndGlobalSection
	GlobalSection(ProjectConfigurationPlatforms) = postSolution
		{F19EFB33-7643-441C-9EF4-308B266A0F9A}.Debug|Any CPU.ActiveCfg = Debug|Any CPU
		{F19EFB33-7643-441C-9EF4-308B266A0F9A}.Debug|Any CPU.Build.0 = Debug|Any CPU
		{F19EFB33-7643-441C-9EF4-308B266A0F9A}.Release|Any CPU.ActiveCfg = Release|Any CPU
		{F19EFB33-7643-441C-9EF4-308B266A0F9A}.Release|Any CPU.Build.0 = Release|Any CPU
		{24F8E8FD-F59F-4D5F-8B79-B6640C96F960}.Debug|Any CPU.ActiveCfg = Debug|Any CPU
		{24F8E8FD-F59F-4D5F-8B79-B6640C96F960}.Debug|Any CPU.Build.0 = Debug|Any CPU
		{24F8E8FD-F59F-4D5F-8B79-B6640C96F960}.Release|Any CPU.ActiveCfg = Release|Any CPU
		{24F8E8FD-F59F-4D5F-8B79-B6640C96F960}.Release|Any CPU.Build.0 = Release|Any CPU
		{517C7FBD-9938-450C-8E9E-48047040600F}.Debug|Any CPU.ActiveCfg = Debug|Any CPU
		{517C7FBD-9938-450C-8E9E-48047040600F}.Debug|Any CPU.Build.0 = Debug|Any CPU
		{517C7FBD-9938-450C-8E9E-48047040600F}.Release|Any CPU.ActiveCfg = Release|Any CPU
		{517C7FBD-9938-450C-8E9E-48047040600F}.Release|Any CPU.Build.0 = Release|Any CPU
		{26C8D234-1495-4B30-8852-B535FF4B5481}.Debug|Any CPU.ActiveCfg = Debug|Any CPU
		{26C8D234-1495-4B30-8852-B535FF4B5481}.Debug|Any CPU.Build.0 = Debug|Any CPU
		{26C8D234-1495-4B30-8852-B535FF4B5481}.Release|Any CPU.ActiveCfg = Release|Any CPU
		{26C8D234-1495-4B30-8852-B535FF4B5481}.Release|Any CPU.Build.0 = Release|Any CPU
		{62361239-C4ED-4F49-A0B5-3FFBFBD4D71D}.Debug|Any CPU.ActiveCfg = Debug|Any CPU
		{62361239-C4ED-4F49-A0B5-3FFBFBD4D71D}.Debug|Any CPU.Build.0 = Debug|Any CPU
		{62361239-C4ED-4F49-A0B5-3FFBFBD4D71D}.Release|Any CPU.ActiveCfg = Release|Any CPU
		{62361239-C4ED-4F49-A0B5-3FFBFBD4D71D}.Release|Any CPU.Build.0 = Release|Any CPU
	EndGlobalSection
	GlobalSection(SolutionProperties) = preSolution
		HideSolutionNode = FALSE
	EndGlobalSection
	GlobalSection(ExtensibilityGlobals) = postSolution
		SolutionGuid = {733E8ECB-B22B-4155-84B4-49158262624F}
	EndGlobalSection
EndGlobal
